# This file is autogenerated, do not edit; changes may be undone by the next 'dep ensure'.


[[projects]]
  name = "github.com/Microsoft/go-winio"
  packages = ["."]
  revision = "7da180ee92d8bd8bb8c37fc560e673e6557c392f"
  version = "v0.4.7"

[[projects]]
  name = "github.com/Sirupsen/logrus"
  packages = ["."]
  revision = "d682213848ed68c0a260ca37d6dd5ace8423f5ba"
  version = "v1.0.4"

[[projects]]
  branch = "master"
  name = "github.com/cncd/pipeline"
  packages = [
    "pipeline",
    "pipeline/backend",
    "pipeline/backend/docker",
    "pipeline/frontend",
    "pipeline/frontend/yaml",
    "pipeline/frontend/yaml/compiler",
    "pipeline/frontend/yaml/linter",
    "pipeline/frontend/yaml/types",
    "pipeline/interrupt",
    "pipeline/multipart"
  ]
  revision = "3a09486affc9215ba52f55b1f6e10182458d1aba"

[[projects]]
  name = "github.com/docker/distribution"
  packages = [
    ".",
    "context",
    "digest",
    "reference",
    "uuid"
  ]
  revision = "48294d928ced5dd9b378f7fd7c6f5da3ff3f2c89"
  version = "v2.6.2"

[[projects]]
  name = "github.com/docker/docker"
  packages = [
    "api/types",
    "api/types/blkiodev",
    "api/types/container",
    "api/types/events",
    "api/types/filters",
    "api/types/mount",
    "api/types/network",
    "api/types/reference",
    "api/types/registry",
    "api/types/strslice",
    "api/types/swarm",
    "api/types/time",
    "api/types/versions",
    "api/types/volume",
    "client",
    "daemon/graphdriver",
    "image",
    "image/v1",
    "layer",
    "oci",
    "pkg/archive",
    "pkg/chrootarchive",
    "pkg/fileutils",
    "pkg/idtools",
    "pkg/ioutils",
    "pkg/longpath",
    "pkg/mount",
    "pkg/plugingetter",
    "pkg/plugins",
    "pkg/plugins/transport",
    "pkg/pools",
    "pkg/promise",
    "pkg/random",
    "pkg/reexec",
    "pkg/stdcopy",
    "pkg/stringid",
    "pkg/system",
    "pkg/tlsconfig",
    "plugin/v2",
    "reference"
  ]
  revision = "092cba3727bb9b4a2f0e922cd6c0f93ea270e363"
  version = "v1.13.1"

[[projects]]
  name = "github.com/docker/go-connections"
  packages = [
    "nat",
    "sockets",
    "tlsconfig"
  ]
  revision = "3ede32e2033de7505e6500d6c868c2b9ed9f169d"
  version = "v0.3.0"

[[projects]]
  name = "github.com/docker/go-units"
  packages = ["."]
  revision = "0dadbb0345b35ec7ef35e228dabb8de89a65bf52"
  version = "v0.3.2"

[[projects]]
  name = "github.com/docker/libcompose"
  packages = ["yaml"]
  revision = "7c59e343cd9d1f3f5577b5bfb71f6486beb4c006"
  version = "v0.4.0"

[[projects]]
  name = "github.com/drone/drone-go"
  packages = ["drone"]
  revision = "3a20536622c5e513dea26c58f1e997cb4ab4dbc5"
  version = "v0.8.4"

[[projects]]
  branch = "master"
  name = "github.com/drone/envsubst"
  packages = [
    ".",
    "parse"
  ]
  revision = "f4d1a8ef8670afc9eea1fb95ee09a979fd2763a3"

[[projects]]
  branch = "master"
  name = "github.com/flynn/go-shlex"
  packages = ["."]
  revision = "3f9db97f856818214da2e1057f8ad84803971cff"

[[projects]]
  name = "github.com/ghodss/yaml"
  packages = ["."]
  revision = "0ca9ea5df5451ffdf184b4428c902747c2c11cd7"
  version = "v1.0.0"

[[projects]]
  name = "github.com/golang/protobuf"
  packages = ["proto"]
  revision = "925541529c1fa6821df4e44ce2723319eb2be768"
  version = "v1.0.0"

[[projects]]
  name = "github.com/gorilla/context"
  packages = ["."]
  revision = "1ea25387ff6f684839d82767c1733ff4d4d15d0a"
  version = "v1.1"

[[projects]]
  name = "github.com/gorilla/mux"
  packages = ["."]
  revision = "53c1911da2b537f792e7cafcb446b05ffe33b996"
  version = "v1.6.1"

[[projects]]
  branch = "master"
  name = "github.com/jackspirou/syscerts"
  packages = ["."]
  revision = "b68f5469dff16e102bd6a2d5b3e79341c938d736"

[[projects]]
  name = "github.com/joho/godotenv"
  packages = [
    ".",
    "autoload"
  ]
  revision = "a79fa1e548e2c689c241d10173efd51e5d689d5b"
  version = "v1.2.0"

[[projects]]
  name = "github.com/opencontainers/runc"
  packages = [
    "libcontainer/configs",
    "libcontainer/devices",
    "libcontainer/system",
    "libcontainer/user"
  ]
  revision = "baf6536d6259209c3edfa2b22237af82942d3dfa"
  version = "v0.1.1"

[[projects]]
  name = "github.com/opencontainers/runtime-spec"
  packages = ["specs-go"]
  revision = "4e3b9264a330d094b0386c3703c5f379119711e8"
  version = "v1.0.1"

[[projects]]
  branch = "master"
  name = "github.com/pkg/browser"
  packages = ["."]
  revision = "c90ca0c84f15f81c982e32665bffd8d7aac8f097"

[[projects]]
  name = "github.com/pkg/errors"
  packages = ["."]
  revision = "645ef00459ed84a119197bfb8d8205042c6df63d"
  version = "v0.8.0"

[[projects]]
  name = "github.com/urfave/cli"
  packages = ["."]
  revision = "cfb38830724cc34fedffe9a2a29fb54fa9169cd1"
  version = "v1.20.0"

[[projects]]
  name = "github.com/vbatts/tar-split"
  packages = [
    "archive/tar",
    "tar/asm",
    "tar/storage"
  ]
  revision = "38ec4ddb06dedbea0a895c4848b248eb38af221b"
  version = "v0.10.2"

[[projects]]
  branch = "master"
  name = "golang.org/x/crypto"
  packages = ["ssh/terminal"]
  revision = "650f4a345ab4e5b245a3034b110ebc7299e68186"

[[projects]]
  branch = "master"
  name = "golang.org/x/net"
  packages = [
    "context",
    "context/ctxhttp",
    "proxy"
  ]
  revision = "f5dfe339be1d06f81b22525fe34671ee7d2c8904"

[[projects]]
  branch = "master"
  name = "golang.org/x/oauth2"
  packages = [
    ".",
    "internal"
  ]
  revision = "543e37812f10c46c622c9575afd7ad22f22a12ba"

[[projects]]
  branch = "master"
  name = "golang.org/x/sync"
  packages = ["errgroup"]
  revision = "fd80eb99c8f653c847d294a001bdf2a3a6f768f5"

[[projects]]
  branch = "master"
  name = "golang.org/x/sys"
  packages = [
    "unix",
    "windows"
  ]
  revision = "37707fdb30a5b38865cfb95e5aab41707daec7fd"

[[projects]]
  name = "google.golang.org/appengine"
  packages = [
    "internal",
    "internal/base",
    "internal/datastore",
    "internal/log",
    "internal/remote_api",
    "internal/urlfetch",
    "urlfetch"
  ]
  revision = "150dc57a1b433e64154302bdc40b6bb8aefa313a"
  version = "v1.0.0"

[[projects]]
  branch = "v2"
  name = "gopkg.in/yaml.v2"
  packages = ["."]
  revision = "d670f9405373e636a5a2765eea47fac0c9bc91a4"

[solve-meta]
  analyzer-name = "dep"
  analyzer-version = 1
  inputs-digest = "f37d619b238a34f9cd7224b2de181b1e4c42dd6f9b76ad25890418d1b29a9b17"
  solver-name = "gps-cdcl"
  solver-version = 1
